// !$*UTF8*$!
{
	archiveVersion = 1;
	classes = {
	};
	objectVersion = 50;
	objects = {

/* Begin PBXBuildFile section */
		38666FE123362E2200616736 /* MoviePresenter.swift in Sources */ = {isa = PBXBuildFile; fileRef = 38666FE023362E2200616736 /* MoviePresenter.swift */; };
		38666FE32336322100616736 /* MovieInteractor.swift in Sources */ = {isa = PBXBuildFile; fileRef = 38666FE22336322100616736 /* MovieInteractor.swift */; };
		38666FE723363B9D00616736 /* MovieTableViewCell.swift in Sources */ = {isa = PBXBuildFile; fileRef = 38666FE623363B9D00616736 /* MovieTableViewCell.swift */; };
		38666FE92336421A00616736 /* MovieWireframe.swift in Sources */ = {isa = PBXBuildFile; fileRef = 38666FE82336421A00616736 /* MovieWireframe.swift */; };
		38666FEB2336815400616736 /* MovieServices.swift in Sources */ = {isa = PBXBuildFile; fileRef = 38666FEA2336815400616736 /* MovieServices.swift */; };
		38B61A89233456DC00D5BDB1 /* AppDelegate.swift in Sources */ = {isa = PBXBuildFile; fileRef = 38B61A88233456DC00D5BDB1 /* AppDelegate.swift */; };
		38B61A8B233456DC00D5BDB1 /* ViewController.swift in Sources */ = {isa = PBXBuildFile; fileRef = 38B61A8A233456DC00D5BDB1 /* ViewController.swift */; };
		38B61A8E233456DC00D5BDB1 /* Main.storyboard in Resources */ = {isa = PBXBuildFile; fileRef = 38B61A8C233456DC00D5BDB1 /* Main.storyboard */; };
		38B61A90233456DE00D5BDB1 /* Assets.xcassets in Resources */ = {isa = PBXBuildFile; fileRef = 38B61A8F233456DE00D5BDB1 /* Assets.xcassets */; };
		38B61A93233456DE00D5BDB1 /* LaunchScreen.storyboard in Resources */ = {isa = PBXBuildFile; fileRef = 38B61A91233456DE00D5BDB1 /* LaunchScreen.storyboard */; };
		38B61A9E233456DE00D5BDB1 /* StudioGhibliVIPERTests.swift in Sources */ = {isa = PBXBuildFile; fileRef = 38B61A9D233456DE00D5BDB1 /* StudioGhibliVIPERTests.swift */; };
		38B61AAF233459CE00D5BDB1 /* Movie.swift in Sources */ = {isa = PBXBuildFile; fileRef = 38B61AAE233459CE00D5BDB1 /* Movie.swift */; };
		38B61AB123345A2600D5BDB1 /* MovieContracts.swift in Sources */ = {isa = PBXBuildFile; fileRef = 38B61AB023345A2600D5BDB1 /* MovieContracts.swift */; };
/* End PBXBuildFile section */

/* Begin PBXContainerItemProxy section */
		38B61A9A233456DE00D5BDB1 /* PBXContainerItemProxy */ = {
			isa = PBXContainerItemProxy;
			containerPortal = 38B61A7D233456DC00D5BDB1 /* Project object */;
			proxyType = 1;
			remoteGlobalIDString = 38B61A84233456DC00D5BDB1;
			remoteInfo = StudioGhibliVIPER;
		};
/* End PBXContainerItemProxy section */

/* Begin PBXFileReference section */
		38666FE023362E2200616736 /* MoviePresenter.swift */ = {isa = PBXFileReference; lastKnownFileType = sourcecode.swift; path = MoviePresenter.swift; sourceTree = "<group>"; };
		38666FE22336322100616736 /* MovieInteractor.swift */ = {isa = PBXFileReference; lastKnownFileType = sourcecode.swift; path = MovieInteractor.swift; sourceTree = "<group>"; };
		38666FE623363B9D00616736 /* MovieTableViewCell.swift */ = {isa = PBXFileReference; lastKnownFileType = sourcecode.swift; path = MovieTableViewCell.swift; sourceTree = "<group>"; };
		38666FE82336421A00616736 /* MovieWireframe.swift */ = {isa = PBXFileReference; lastKnownFileType = sourcecode.swift; path = MovieWireframe.swift; sourceTree = "<group>"; };
		38666FEA2336815400616736 /* MovieServices.swift */ = {isa = PBXFileReference; lastKnownFileType = sourcecode.swift; path = MovieServices.swift; sourceTree = "<group>"; };
		38B61A85233456DC00D5BDB1 /* StudioGhibliVIPER.app */ = {isa = PBXFileReference; explicitFileType = wrapper.application; includeInIndex = 0; path = StudioGhibliVIPER.app; sourceTree = BUILT_PRODUCTS_DIR; };
		38B61A88233456DC00D5BDB1 /* AppDelegate.swift */ = {isa = PBXFileReference; lastKnownFileType = sourcecode.swift; path = AppDelegate.swift; sourceTree = "<group>"; };
		38B61A8A233456DC00D5BDB1 /* ViewController.swift */ = {isa = PBXFileReference; lastKnownFileType = sourcecode.swift; path = ViewController.swift; sourceTree = "<group>"; };
		38B61A8D233456DC00D5BDB1 /* Base */ = {isa = PBXFileReference; lastKnownFileType = file.storyboard; name = Base; path = Base.lproj/Main.storyboard; sourceTree = "<group>"; };
		38B61A8F233456DE00D5BDB1 /* Assets.xcassets */ = {isa = PBXFileReference; lastKnownFileType = folder.assetcatalog; path = Assets.xcassets; sourceTree = "<group>"; };
		38B61A92233456DE00D5BDB1 /* Base */ = {isa = PBXFileReference; lastKnownFileType = file.storyboard; name = Base; path = Base.lproj/LaunchScreen.storyboard; sourceTree = "<group>"; };
		38B61A94233456DE00D5BDB1 /* Info.plist */ = {isa = PBXFileReference; lastKnownFileType = text.plist.xml; path = Info.plist; sourceTree = "<group>"; };
		38B61A99233456DE00D5BDB1 /* StudioGhibliVIPERTests.xctest */ = {isa = PBXFileReference; explicitFileType = wrapper.cfbundle; includeInIndex = 0; path = StudioGhibliVIPERTests.xctest; sourceTree = BUILT_PRODUCTS_DIR; };
		38B61A9D233456DE00D5BDB1 /* StudioGhibliVIPERTests.swift */ = {isa = PBXFileReference; lastKnownFileType = sourcecode.swift; path = StudioGhibliVIPERTests.swift; sourceTree = "<group>"; };
		38B61A9F233456DE00D5BDB1 /* Info.plist */ = {isa = PBXFileReference; lastKnownFileType = text.plist.xml; path = Info.plist; sourceTree = "<group>"; };
		38B61AAE233459CE00D5BDB1 /* Movie.swift */ = {isa = PBXFileReference; lastKnownFileType = sourcecode.swift; path = Movie.swift; sourceTree = "<group>"; };
		38B61AB023345A2600D5BDB1 /* MovieContracts.swift */ = {isa = PBXFileReference; lastKnownFileType = sourcecode.swift; path = MovieContracts.swift; sourceTree = "<group>"; };
/* End PBXFileReference section */

/* Begin PBXFrameworksBuildPhase section */
		38B61A82233456DC00D5BDB1 /* Frameworks */ = {
			isa = PBXFrameworksBuildPhase;
			buildActionMask = 2147483647;
			files = (
			);
			runOnlyForDeploymentPostprocessing = 0;
		};
		38B61A96233456DE00D5BDB1 /* Frameworks */ = {
			isa = PBXFrameworksBuildPhase;
			buildActionMask = 2147483647;
			files = (
			);
			runOnlyForDeploymentPostprocessing = 0;
		};
/* End PBXFrameworksBuildPhase section */

/* Begin PBXGroup section */
		38B61A7C233456DC00D5BDB1 = {
			isa = PBXGroup;
			children = (
				38B61A87233456DC00D5BDB1 /* StudioGhibliVIPER */,
				38B61A9C233456DE00D5BDB1 /* StudioGhibliVIPERTests */,
				38B61A86233456DC00D5BDB1 /* Products */,
			);
			sourceTree = "<group>";
		};
		38B61A86233456DC00D5BDB1 /* Products */ = {
			isa = PBXGroup;
			children = (
				38B61A85233456DC00D5BDB1 /* StudioGhibliVIPER.app */,
				38B61A99233456DE00D5BDB1 /* StudioGhibliVIPERTests.xctest */,
			);
			name = Products;
			sourceTree = "<group>";
		};
		38B61A87233456DC00D5BDB1 /* StudioGhibliVIPER */ = {
			isa = PBXGroup;
			children = (
				38B61AAD2334581F00D5BDB1 /* Entity */,
				38B61AAC2334580700D5BDB1 /* Protocols */,
				38B61AAB233457E200D5BDB1 /* Router */,
				38B61AAA233457D800D5BDB1 /* Presenter */,
				38B61AA9233457CD00D5BDB1 /* Interactor */,
				38B61AA8233457BF00D5BDB1 /* Views */,
				38B61A88233456DC00D5BDB1 /* AppDelegate.swift */,
				38B61A8C233456DC00D5BDB1 /* Main.storyboard */,
				38B61A8F233456DE00D5BDB1 /* Assets.xcassets */,
				38B61A91233456DE00D5BDB1 /* LaunchScreen.storyboard */,
				38B61A94233456DE00D5BDB1 /* Info.plist */,
				38666FEA2336815400616736 /* MovieServices.swift */,
			);
			path = StudioGhibliVIPER;
			sourceTree = "<group>";
		};
		38B61A9C233456DE00D5BDB1 /* StudioGhibliVIPERTests */ = {
			isa = PBXGroup;
			children = (
				38B61A9D233456DE00D5BDB1 /* StudioGhibliVIPERTests.swift */,
				38B61A9F233456DE00D5BDB1 /* Info.plist */,
			);
			path = StudioGhibliVIPERTests;
			sourceTree = "<group>";
		};
		38B61AA8233457BF00D5BDB1 /* Views */ = {
			isa = PBXGroup;
			children = (
				38B61A8A233456DC00D5BDB1 /* ViewController.swift */,
				38666FE623363B9D00616736 /* MovieTableViewCell.swift */,
			);
			path = Views;
			sourceTree = "<group>";
		};
		38B61AA9233457CD00D5BDB1 /* Interactor */ = {
			isa = PBXGroup;
			children = (
				38666FE22336322100616736 /* MovieInteractor.swift */,
			);
			path = Interactor;
			sourceTree = "<group>";
		};
		38B61AAA233457D800D5BDB1 /* Presenter */ = {
			isa = PBXGroup;
			children = (
				38666FE023362E2200616736 /* MoviePresenter.swift */,
			);
			path = Presenter;
			sourceTree = "<group>";
		};
		38B61AAB233457E200D5BDB1 /* Router */ = {
			isa = PBXGroup;
			children = (
				38666FE82336421A00616736 /* MovieWireframe.swift */,
			);
			path = Router;
			sourceTree = "<group>";
		};
		38B61AAC2334580700D5BDB1 /* Protocols */ = {
			isa = PBXGroup;
			children = (
				38B61AB023345A2600D5BDB1 /* MovieContracts.swift */,
			);
			path = Protocols;
			sourceTree = "<group>";
		};
		38B61AAD2334581F00D5BDB1 /* Entity */ = {
			isa = PBXGroup;
			children = (
				38B61AAE233459CE00D5BDB1 /* Movie.swift */,
			);
			path = Entity;
			sourceTree = "<group>";
		};
/* End PBXGroup section */

/* Begin PBXNativeTarget section */
		38B61A84233456DC00D5BDB1 /* StudioGhibliVIPER */ = {
			isa = PBXNativeTarget;
			buildConfigurationList = 38B61AA2233456DE00D5BDB1 /* Build configuration list for PBXNativeTarget "StudioGhibliVIPER" */;
			buildPhases = (
				38B61A81233456DC00D5BDB1 /* Sources */,
				38B61A82233456DC00D5BDB1 /* Frameworks */,
				38B61A83233456DC00D5BDB1 /* Resources */,
			);
			buildRules = (
			);
			dependencies = (
			);
			name = StudioGhibliVIPER;
			productName = StudioGhibliVIPER;
			productReference = 38B61A85233456DC00D5BDB1 /* StudioGhibliVIPER.app */;
			productType = "com.apple.product-type.application";
		};
		38B61A98233456DE00D5BDB1 /* StudioGhibliVIPERTests */ = {
			isa = PBXNativeTarget;
			buildConfigurationList = 38B61AA5233456DE00D5BDB1 /* Build configuration list for PBXNativeTarget "StudioGhibliVIPERTests" */;
			buildPhases = (
				38B61A95233456DE00D5BDB1 /* Sources */,
				38B61A96233456DE00D5BDB1 /* Frameworks */,
				38B61A97233456DE00D5BDB1 /* Resources */,
			);
			buildRules = (
			);
			dependencies = (
				38B61A9B233456DE00D5BDB1 /* PBXTargetDependency */,
			);
			name = StudioGhibliVIPERTests;
			productName = StudioGhibliVIPERTests;
			productReference = 38B61A99233456DE00D5BDB1 /* StudioGhibliVIPERTests.xctest */;
			productType = "com.apple.product-type.bundle.unit-test";
		};
/* End PBXNativeTarget section */

/* Begin PBXProject section */
		38B61A7D233456DC00D5BDB1 /* Project object */ = {
			isa = PBXProject;
			attributes = {
				LastSwiftUpdateCheck = 1030;
				LastUpgradeCheck = 1030;
				ORGANIZATIONNAME = Gojek;
				TargetAttributes = {
					38B61A84233456DC00D5BDB1 = {
						CreatedOnToolsVersion = 10.3;
					};
					38B61A98233456DE00D5BDB1 = {
						CreatedOnToolsVersion = 10.3;
						TestTargetID = 38B61A84233456DC00D5BDB1;
					};
				};
			};
			buildConfigurationList = 38B61A80233456DC00D5BDB1 /* Build configuration list for PBXProject "StudioGhibliVIPER" */;
			compatibilityVersion = "Xcode 9.3";
			developmentRegion = en;
			hasScannedForEncodings = 0;
			knownRegions = (
				en,
				Base,
			);
			mainGroup = 38B61A7C233456DC00D5BDB1;
			productRefGroup = 38B61A86233456DC00D5BDB1 /* Products */;
			projectDirPath = "";
			projectRoot = "";
			targets = (
				38B61A84233456DC00D5BDB1 /* StudioGhibliVIPER */,
				38B61A98233456DE00D5BDB1 /* StudioGhibliVIPERTests */,
			);
		};
/* End PBXProject section */

/* Begin PBXResourcesBuildPhase section */
		38B61A83233456DC00D5BDB1 /* Resources */ = {
			isa = PBXResourcesBuildPhase;
			buildActionMask = 2147483647;
			files = (
				38B61A93233456DE00D5BDB1 /* LaunchScreen.storyboard in Resources */,
				38B61A90233456DE00D5BDB1 /* Assets.xcassets in Resources */,
				38B61A8E233456DC00D5BDB1 /* Main.storyboard in Resources */,
			);
			runOnlyForDeploymentPostprocessing = 0;
		};
		38B61A97233456DE00D5BDB1 /* Resources */ = {
			isa = PBXResourcesBuildPhase;
			buildActionMask = 2147483647;
			files = (
			);
			runOnlyForDeploymentPostprocessing = 0;
		};
/* End PBXResourcesBuildPhase section */

/* Begin PBXSourcesBuildPhase section */
		38B61A81233456DC00D5BDB1 /* Sources */ = {
			isa = PBXSourcesBuildPhase;
			buildActionMask = 2147483647;
			files = (
				38B61AB123345A2600D5BDB1 /* MovieContracts.swift in Sources */,
				38666FE92336421A00616736 /* MovieWireframe.swift in Sources */,
				38666FE32336322100616736 /* MovieInteractor.swift in Sources */,
				38666FE723363B9D00616736 /* MovieTableViewCell.swift in Sources */,
				38B61A8B233456DC00D5BDB1 /* ViewController.swift in Sources */,
				38B61A89233456DC00D5BDB1 /* AppDelegate.swift in Sources */,
				38666FE123362E2200616736 /* MoviePresenter.swift in Sources */,
				38666FEB2336815400616736 /* MovieServices.swift in Sources */,
				38B61AAF233459CE00D5BDB1 /* Movie.swift in Sources */,
			);
			runOnlyForDeploymentPostprocessing = 0;
		};
		38B61A95233456DE00D5BDB1 /* Sources */ = {
			isa = PBXSourcesBuildPhase;
			buildActionMask = 2147483647;
			files = (
				38B61A9E233456DE00D5BDB1 /* StudioGhibliVIPERTests.swift in Sources */,
			);
			runOnlyForDeploymentPostprocessing = 0;
		};
/* End PBXSourcesBuildPhase section */

/* Begin PBXTargetDependency section */
		38B61A9B233456DE00D5BDB1 /* PBXTargetDependency */ = {
			isa = PBXTargetDependency;
			target = 38B61A84233456DC00D5BDB1 /* StudioGhibliVIPER */;
			targetProxy = 38B61A9A233456DE00D5BDB1 /* PBXContainerItemProxy */;
		};
/* End PBXTargetDependency section */

/* Begin PBXVariantGroup section */
		38B61A8C233456DC00D5BDB1 /* Main.storyboard */ = {
			isa = PBXVariantGroup;
			children = (
				38B61A8D233456DC00D5BDB1 /* Base */,
			);
			name = Main.storyboard;
			sourceTree = "<group>";
		};
		38B61A91233456DE00D5BDB1 /* LaunchScreen.storyboard */ = {
			isa = PBXVariantGroup;
			children = (
				38B61A92233456DE00D5BDB1 /* Base */,
			);
			name = LaunchScreen.storyboard;
			sourceTree = "<group>";
		};
/* End PBXVariantGroup section */

/* Begin XCBuildConfiguration section */
		38B61AA0233456DE00D5BDB1 /* Debug */ = {
			isa = XCBuildConfiguration;
			buildSettings = {
				ALWAYS_SEARCH_USER_PATHS = NO;
				CLANG_ANALYZER_NONNULL = YES;
				CLANG_ANALYZER_NUMBER_OBJECT_CONVERSION = YES_AGGRESSIVE;
				CLANG_CXX_LANGUAGE_STANDARD = "gnu++14";
				CLANG_CXX_LIBRARY = "libc++";
				CLANG_ENABLE_MODULES = YES;
				CLANG_ENABLE_OBJC_ARC = YES;
				CLANG_ENABLE_OBJC_WEAK = YES;
				CLANG_WARN_BLOCK_CAPTURE_AUTORELEASING = YES;
				CLANG_WARN_BOOL_CONVERSION = YES;
				CLANG_WARN_COMMA = YES;
				CLANG_WARN_CONSTANT_CONVERSION = YES;
				CLANG_WARN_DEPRECATED_OBJC_IMPLEMENTATIONS = YES;
				CLANG_WARN_DIRECT_OBJC_ISA_USAGE = YES_ERROR;
				CLANG_WARN_DOCUMENTATION_COMMENTS = YES;
				CLANG_WARN_EMPTY_BODY = YES;
				CLANG_WARN_ENUM_CONVERSION = YES;
				CLANG_WARN_INFINITE_RECURSION = YES;
				CLANG_WARN_INT_CONVERSION = YES;
				CLANG_WARN_NON_LITERAL_NULL_CONVERSION = YES;
				CLANG_WARN_OBJC_IMPLICIT_RETAIN_SELF = YES;
				CLANG_WARN_OBJC_LITERAL_CONVERSION = YES;
				CLANG_WARN_OBJC_ROOT_CLASS = YES_ERROR;
				CLANG_WARN_RANGE_LOOP_ANALYSIS = YES;
				CLANG_WARN_STRICT_PROTOTYPES = YES;
				CLANG_WARN_SUSPICIOUS_MOVE = YES;
				CLANG_WARN_UNGUARDED_AVAILABILITY = YES_AGGRESSIVE;
				CLANG_WARN_UNREACHABLE_CODE = YES;
				CLANG_WARN__DUPLICATE_METHOD_MATCH = YES;
				CODE_SIGN_IDENTITY = "iPhone Developer";
				COPY_PHASE_STRIP = NO;
				DEBUG_INFORMATION_FORMAT = dwarf;
				ENABLE_STRICT_OBJC_MSGSEND = YES;
				ENABLE_TESTABILITY = YES;
				GCC_C_LANGUAGE_STANDARD = gnu11;
				GCC_DYNAMIC_NO_PIC = NO;
				GCC_NO_COMMON_BLOCKS = YES;
				GCC_OPTIMIZATION_LEVEL = 0;
				GCC_PREPROCESSOR_DEFINITIONS = (
					"DEBUG=1",
					"$(inherited)",
				);
				GCC_WARN_64_TO_32_BIT_CONVERSION = YES;
				GCC_WARN_ABOUT_RETURN_TYPE = YES_ERROR;
				GCC_WARN_UNDECLARED_SELECTOR = YES;
				GCC_WARN_UNINITIALIZED_AUTOS = YES_AGGRESSIVE;
				GCC_WARN_UNUSED_FUNCTION = YES;
				GCC_WARN_UNUSED_VARIABLE = YES;
				IPHONEOS_DEPLOYMENT_TARGET = 12.4;
				MTL_ENABLE_DEBUG_INFO = INCLUDE_SOURCE;
				MTL_FAST_MATH = YES;
				ONLY_ACTIVE_ARCH = YES;
				SDKROOT = iphoneos;
				SWIFT_ACTIVE_COMPILATION_CONDITIONS = DEBUG;
				SWIFT_OPTIMIZATION_LEVEL = "-Onone";
			};
			name = Debug;
		};
		38B61AA1233456DE00D5BDB1 /* Release */ = {
			isa = XCBuildConfiguration;
			buildSettings = {
				ALWAYS_SEARCH_USER_PATHS = NO;
				CLANG_ANALYZER_NONNULL = YES;
				CLANG_ANALYZER_NUMBER_OBJECT_CONVERSION = YES_AGGRESSIVE;
				CLANG_CXX_LANGUAGE_STANDARD = "gnu++14";
				CLANG_CXX_LIBRARY = "libc++";
				CLANG_ENABLE_MODULES = YES;
				CLANG_ENABLE_OBJC_ARC = YES;
				CLANG_ENABLE_OBJC_WEAK = YES;
				CLANG_WARN_BLOCK_CAPTURE_AUTORELEASING = YES;
				CLANG_WARN_BOOL_CONVERSION = YES;
				CLANG_WARN_COMMA = YES;
				CLANG_WARN_CONSTANT_CONVERSION = YES;
				CLANG_WARN_DEPRECATED_OBJC_IMPLEMENTATIONS = YES;
				CLANG_WARN_DIRECT_OBJC_ISA_USAGE = YES_ERROR;
				CLANG_WARN_DOCUMENTATION_COMMENTS = YES;
				CLANG_WARN_EMPTY_BODY = YES;
				CLANG_WARN_ENUM_CONVERSION = YES;
				CLANG_WARN_INFINITE_RECURSION = YES;
				CLANG_WARN_INT_CONVERSION = YES;
				CLANG_WARN_NON_LITERAL_NULL_CONVERSION = YES;
				CLANG_WARN_OBJC_IMPLICIT_RETAIN_SELF = YES;
				CLANG_WARN_OBJC_LITERAL_CONVERSION = YES;
				CLANG_WARN_OBJC_ROOT_CLASS = YES_ERROR;
				CLANG_WARN_RANGE_LOOP_ANALYSIS = YES;
				CLANG_WARN_STRICT_PROTOTYPES = YES;
				CLANG_WARN_SUSPICIOUS_MOVE = YES;
				CLANG_WARN_UNGUARDED_AVAILABILITY = YES_AGGRESSIVE;
				CLANG_WARN_UNREACHABLE_CODE = YES;
				CLANG_WARN__DUPLICATE_METHOD_MATCH = YES;
				CODE_SIGN_IDENTITY = "iPhone Developer";
				COPY_PHASE_STRIP = NO;
				DEBUG_INFORMATION_FORMAT = "dwarf-with-dsym";
				ENABLE_NS_ASSERTIONS = NO;
				ENABLE_STRICT_OBJC_MSGSEND = YES;
				GCC_C_LANGUAGE_STANDARD = gnu11;
				GCC_NO_COMMON_BLOCKS = YES;
				GCC_WARN_64_TO_32_BIT_CONVERSION = YES;
				GCC_WARN_ABOUT_RETURN_TYPE = YES_ERROR;
				GCC_WARN_UNDECLARED_SELECTOR = YES;
				GCC_WARN_UNINITIALIZED_AUTOS = YES_AGGRESSIVE;
				GCC_WARN_UNUSED_FUNCTION = YES;
				GCC_WARN_UNUSED_VARIABLE = YES;
				IPHONEOS_DEPLOYMENT_TARGET = 12.4;
				MTL_ENABLE_DEBUG_INFO = NO;
				MTL_FAST_MATH = YES;
				SDKROOT = iphoneos;
				SWIFT_COMPILATION_MODE = wholemodule;
				SWIFT_OPTIMIZATION_LEVEL = "-O";
				VALIDATE_PRODUCT = YES;
			};
			name = Release;
		};
		38B61AA3233456DE00D5BDB1 /* Debug */ = {
			isa = XCBuildConfiguration;
			buildSettings = {
				ASSETCATALOG_COMPILER_APPICON_NAME = AppIcon;
				CODE_SIGN_STYLE = Automatic;
				DEVELOPMENT_TEAM = 74483F5P87;
				INFOPLIST_FILE = StudioGhibliVIPER/Info.plist;
				LD_RUNPATH_SEARCH_PATHS = (
					"$(inherited)",
					"@executable_path/Frameworks",
				);
				PRODUCT_BUNDLE_IDENTIFIER = com.mila.StudioGhibliVIPER;
				PRODUCT_NAME = "$(TARGET_NAME)";
				SWIFT_VERSION = 5.0;
				TARGETED_DEVICE_FAMILY = "1,2";
			};
			name = Debug;
		};
		38B61AA4233456DE00D5BDB1 /* Release */ = {
			isa = XCBuildConfiguration;
			buildSettings = {
				ASSETCATALOG_COMPILER_APPICON_NAME = AppIcon;
				CODE_SIGN_STYLE = Automatic;
				DEVELOPMENT_TEAM = 74483F5P87;
				INFOPLIST_FILE = StudioGhibliVIPER/Info.plist;
				LD_RUNPATH_SEARCH_PATHS = (
					"$(inherited)",
					"@executable_path/Frameworks",
				);
				PRODUCT_BUNDLE_IDENTIFIER = com.mila.StudioGhibliVIPER;
				PRODUCT_NAME = "$(TARGET_NAME)";
				SWIFT_VERSION = 5.0;
				TARGETED_DEVICE_FAMILY = "1,2";
			};
			name = Release;
		};
		38B61AA6233456DE00D5BDB1 /* Debug */ = {
			isa = XCBuildConfiguration;
			buildSettings = {
				ALWAYS_EMBED_SWIFT_STANDARD_LIBRARIES = YES;
				BUNDLE_LOADER = "$(TEST_HOST)";
				CODE_SIGN_STYLE = Automatic;
				DEVELOPMENT_TEAM = 74483F5P87;
				INFOPLIST_FILE = StudioGhibliVIPERTests/Info.plist;
				LD_RUNPATH_SEARCH_PATHS = (
					"$(inherited)",
					"@executable_path/Frameworks",
					"@loader_path/Frameworks",
				);
				PRODUCT_BUNDLE_IDENTIFIER = com.mila.StudioGhibliVIPERTests;
				PRODUCT_NAME = "$(TARGET_NAME)";
				SWIFT_VERSION = 5.0;
				TARGETED_DEVICE_FAMILY = "1,2";
				TEST_HOST = "$(BUILT_PRODUCTS_DIR)/StudioGhibliVIPER.app/StudioGhibliVIPER";
			};
			name = Debug;
		};
		38B61AA7233456DE00D5BDB1 /* Release */ = {
			isa = XCBuildConfiguration;
			buildSettings = {
				ALWAYS_EMBED_SWIFT_STANDARD_LIBRARIES = YES;
				BUNDLE_LOADER = "$(TEST_HOST)";
				CODE_SIGN_STYLE = Automatic;
				DEVELOPMENT_TEAM = 74483F5P87;
				INFOPLIST_FILE = StudioGhibliVIPERTests/Info.plist;
				LD_RUNPATH_SEARCH_PATHS = (
					"$(inherited)",
					"@executable_path/Frameworks",
					"@loader_path/Frameworks",
				);
				PRODUCT_BUNDLE_IDENTIFIER = com.mila.StudioGhibliVIPERTests;
				PRODUCT_NAME = "$(TARGET_NAME)";
				SWIFT_VERSION = 5.0;
				TARGETED_DEVICE_FAMILY = "1,2";
				TEST_HOST = "$(BUILT_PRODUCTS_DIR)/StudioGhibliVIPER.app/StudioGhibliVIPER";
			};
			name = Release;
		};
/* End XCBuildConfiguration section */

/* Begin XCConfigurationList section */
		38B61A80233456DC00D5BDB1 /* Build configuration list for PBXProject "StudioGhibliVIPER" */ = {
			isa = XCConfigurationList;
			buildConfigurations = (
				38B61AA0233456DE00D5BDB1 /* Debug */,
				38B61AA1233456DE00D5BDB1 /* Release */,
			);
			defaultConfigurationIsVisible = 0;
			defaultConfigurationName = Release;
		};
		38B61AA2233456DE00D5BDB1 /* Build configuration list for PBXNativeTarget "StudioGhibliVIPER" */ = {
			isa = XCConfigurationList;
			buildConfigurations = (
				38B61AA3233456DE00D5BDB1 /* Debug */,
				38B61AA4233456DE00D5BDB1 /* Release */,
			);
			defaultConfigurationIsVisible = 0;
			defaultConfigurationName = Release;
		};
		38B61AA5233456DE00D5BDB1 /* Build configuration list for PBXNativeTarget "StudioGhibliVIPERTests" */ = {
			isa = XCConfigurationList;
			buildConfigurations = (
				38B61AA6233456DE00D5BDB1 /* Debug */,
				38B61AA7233456DE00D5BDB1 /* Release */,
			);
			defaultConfigurationIsVisible = 0;
			defaultConfigurationName = Release;
		};
/* End XCConfigurationList section */
	};
	rootObject = 38B61A7D233456DC00D5BDB1 /* Project object */;
}
